# THIS IS AN AUTOGENERATED FILE. DO NOT EDIT THIS FILE DIRECTLY.
# yarn lockfile v1


"@now/node@^1.3.4":
  version "1.3.4"
  resolved "https://registry.yarnpkg.com/@now/node/-/node-1.3.4.tgz#620ffe410f211b75b30758a6cf52f8d8c8f41c9e"
  integrity sha512-4lK79UaZQPJTllcMkwOXo0I8UJ+cYAkm8AgWsm/iAx8gZrP6zqvAHUL1dV9fKz1dIWBTDFyyb/9HMh0LaTe4dg==
  dependencies:
    "@types/node" "*"

"@types/node@*":
  version "13.1.6"
  resolved "https://registry.yarnpkg.com/@types/node/-/node-13.1.6.tgz#076028d0b0400be8105b89a0a55550c86684ffec"
  integrity sha512-Jg1F+bmxcpENHP23sVKkNuU3uaxPnsBMW0cLjleiikFKomJQbsn0Cqk2yDvQArqzZN6ABfBkZ0To7pQ8sLdWDg==

node-fetch@^2.6.0:
  version "2.6.0"
  resolved "https://registry.yarnpkg.com/node-fetch/-/node-fetch-2.6.0.tgz#e633456386d4aa55863f676a7ab0daa8fdecb0fd"
  integrity sha512-8dG4H5ujfvFiqDmVu9fQ5bOHUC15JMjMY/Zumv26oOvvVJjM67KF8koCWIabKQ1GJIa9r2mMZscBq/TbdOcmNA==

now-cli@^0.0.0:
  version "0.0.0"
  resolved "https://registry.yarnpkg.com/now-cli/-/now-cli-0.0.0.tgz#eb0e63426999815b344313ba3ea99a4f7cf8dc0b"
  integrity sha1-6w5jQmmZgVs0QxO6PqmaT3z43As=
